
Microsoft Visual Studio Solution File, Format Version 12.00
# Visual Studio Version 17
VisualStudioVersion = 17.7.34221.43
MinimumVisualStudioVersion = 10.0.40219.1
Project("{9A19103F-16F7-4668-BE54-9A1E7A4F7556}") = "B02", "B02\B02.csproj", "{CFC3B001-B6B6-4C2A-8438-BCF6EB8C587D}"
EndProject
Global
	GlobalSection(SolutionConfigurationPlatforms) = preSolution
		Debug|Any CPU = Debug|Any CPU
		Release|Any CPU = Release|Any CPU
	EndGlobalSection
	GlobalSection(ProjectConfigurationPlatforms) = postSolution
		{CFC3B001-B6B6-4C2A-8438-BCF6EB8C587D}.Debug|Any CPU.ActiveCfg = Debug|Any CPU
		{CFC3B001-B6B6-4C2A-8438-BCF6EB8C587D}.Debug|Any CPU.Build.0 = Debug|Any CPU
		{CFC3B001-B6B6-4C2A-8438-BCF6EB8C587D}.Release|Any CPU.ActiveCfg = Release|Any CPU
		{CFC3B001-B6B6-4C2A-8438-BCF6EB8C587D}.Release|Any CPU.Build.0 = Release|Any CPU
	EndGlobalSection
	GlobalSection(SolutionProperties) = preSolution
		HideSolutionNode = FALSE
	EndGlobalSection
	GlobalSection(ExtensibilityGlobals) = postSolution
		SolutionGuid = {95665CA9-831A-4BF4-846E-392FA832A7B5}
	EndGlobalSection
EndGlobal
